dependencies:
- name: eoapi
  repository: file://../../../../eoapi-k8s/helm-chart/eoapi
  version: 0.4.17
- name: webapp-polder
  repository: file://../webapp-polder
  version: 0.1.0
digest: sha256:741e369774038ff3d8472321587b8871f12dd6a493dcf34a98fa0127239ea1b4
generated: "2024-10-28T17:58:18.317209662+01:00"
